
Microsoft Visual Studio Solution File, Format Version 12.00
# Visual Studio 15
VisualStudioVersion = 15.0.28307.1000
MinimumVisualStudioVersion = 10.0.40219.1
Project("{FAE04EC0-301F-11D3-BF4B-00C04F79EFBC}") = "EmtityDBFirst", "EmtityDBFirst\EmtityDBFirst.csproj", "{1DF836FF-221F-45E5-88F9-167942650264}"
EndProject
Global
	GlobalSection(SolutionConfigurationPlatforms) = preSolution
		Debug|Any CPU = Debug|Any CPU
		Release|Any CPU = Release|Any CPU
	EndGlobalSection
	GlobalSection(ProjectConfigurationPlatforms) = postSolution
		{1DF836FF-221F-45E5-88F9-167942650264}.Debug|Any CPU.ActiveCfg = Debug|Any CPU
		{1DF836FF-221F-45E5-88F9-167942650264}.Debug|Any CPU.Build.0 = Debug|Any CPU
		{1DF836FF-221F-45E5-88F9-167942650264}.Release|Any CPU.ActiveCfg = Release|Any CPU
		{1DF836FF-221F-45E5-88F9-167942650264}.Release|Any CPU.Build.0 = Release|Any CPU
	EndGlobalSection
	GlobalSection(SolutionProperties) = preSolution
		HideSolutionNode = FALSE
	EndGlobalSection
	GlobalSection(ExtensibilityGlobals) = postSolution
		SolutionGuid = {8CEE7930-32EA-43E5-87EF-671F4C868880}
	EndGlobalSection
EndGlobal
